# THIS IS AN AUTOGENERATED FILE. DO NOT EDIT THIS FILE DIRECTLY.
# yarn lockfile v1


"@vue/devtools-api@^6.0.0-beta.10":
  version "6.0.0-beta.10"
  resolved "https://registry.yarnpkg.com/@vue/devtools-api/-/devtools-api-6.0.0-beta.10.tgz#f39da7618cee292e39c7274227c34163e30eb3ca"
  integrity sha512-nktQYRnIFrh4DdXiCBjHnsHOMZXDIVcP9qlm/DMfxmjJMtpMGrSZCOKP8j7kDhObNHyqlicwoGLd+a4hf4x9ww==
